PODS:
  - Alamofire (3.5.1)
  - AlamofireImage (2.5.0):
    - Alamofire (~> 3.5)
  - Ji (1.2.0):
    - Ji/Ji (= 1.2.0)
  - Ji/Ji (1.2.0):
    - Ji/Ji-libxml
  - Ji/Ji-libxml (1.2.0)
  - SSZipArchive (1.1)
  - SwiftyUserDefaults (2.2.1)

DEPENDENCIES:
  - Alamofire (~> 3.5)
  - AlamofireImage (~> 2.5.0)
  - Ji (~> 1.2.0)
  - SSZipArchive (~> 1.1.0)
  - SwiftyUserDefaults (~> 2.2.0)

SPEC CHECKSUMS:
  Alamofire: 0dfba1184a543e2aa160f4e39cac4e8aba48d223
  AlamofireImage: 2d34936e5201270bb17a316a786e90e83b4a249d
  Ji: ddebb22f9ac445db6e884b66f78ea74fb135fdb7
  SSZipArchive: de3d215ab73f87db627f81f2ce24f1731e3886c3
  SwiftyUserDefaults: 7abdba50a50ea0c18ee8903af3c88e4c1cb8448d

PODFILE CHECKSUM: fb09e60802a17f0e8fb21e7f0effb23cb91082d8

COCOAPODS: 1.0.1
