PODS:
  - Alamofire (3.2.0)
  - Ji (1.2.0):
    - Ji/Ji (= 1.2.0)
  - Ji/Ji (1.2.0):
    - Ji/Ji-libxml
  - Ji/Ji-libxml (1.2.0)
  - SSZipArchive (1.1)

DEPENDENCIES:
  - Alamofire
  - Ji
  - SSZipArchive

SPEC CHECKSUMS:
  Alamofire: 4da478599fccddff361205c8929333d7fe18dceb
  Ji: ddebb22f9ac445db6e884b66f78ea74fb135fdb7
  SSZipArchive: de3d215ab73f87db627f81f2ce24f1731e3886c3

COCOAPODS: 0.39.0
