// !$*UTF8*$!
{
	archiveVersion = 1;
	classes = {
	};
	objectVersion = 46;
	objects = {

/* Begin PBXBuildFile section */
		86A2B90E5DD0EF6D7E490ED0 /* Pods_OmosanMaps.framework in Frameworks */ = {isa = PBXBuildFile; fileRef = 2037503C28E63398D6565A5D /* Pods_OmosanMaps.framework */; };
		CB1D56E51CFFFF720065B6B7 /* SearchOptionsController.swift in Sources */ = {isa = PBXBuildFile; fileRef = CB1D56E41CFFFF720065B6B7 /* SearchOptionsController.swift */; };
		CB1D56E71D0002160065B6B7 /* SearchOptionsGenreListViewController.swift in Sources */ = {isa = PBXBuildFile; fileRef = CB1D56E61D0002160065B6B7 /* SearchOptionsGenreListViewController.swift */; };
		CB28C03D1BC3DE6E0082F831 /* AppDelegate.swift in Sources */ = {isa = PBXBuildFile; fileRef = CB28C03C1BC3DE6E0082F831 /* AppDelegate.swift */; };
		CB28C0421BC3DE6E0082F831 /* Main.storyboard in Resources */ = {isa = PBXBuildFile; fileRef = CB28C0401BC3DE6E0082F831 /* Main.storyboard */; };
		CB28C0441BC3DE6E0082F831 /* Images.xcassets in Resources */ = {isa = PBXBuildFile; fileRef = CB28C0431BC3DE6E0082F831 /* Images.xcassets */; };
		CB28C0471BC3DE6E0082F831 /* LaunchScreen.xib in Resources */ = {isa = PBXBuildFile; fileRef = CB28C0451BC3DE6E0082F831 /* LaunchScreen.xib */; };
		CB28C0531BC3DE6E0082F831 /* OmosanMapsTests.swift in Sources */ = {isa = PBXBuildFile; fileRef = CB28C0521BC3DE6E0082F831 /* OmosanMapsTests.swift */; };
		CB5EEC9C1D2E4AF6002E7271 /* Style.swift in Sources */ = {isa = PBXBuildFile; fileRef = CB5EEC9B1D2E4AF6002E7271 /* Style.swift */; };
		CB5EEC9F1D2E4D57002E7271 /* JiNode+Extension.swift in Sources */ = {isa = PBXBuildFile; fileRef = CB5EEC9E1D2E4D57002E7271 /* JiNode+Extension.swift */; };
		CB757B2D1CF7F7400073A17C /* MapViewController.swift in Sources */ = {isa = PBXBuildFile; fileRef = CB757B2C1CF7F7400073A17C /* MapViewController.swift */; };
		CB9F12751D2E583600725EAB /* PlacemarkAnnotation.swift in Sources */ = {isa = PBXBuildFile; fileRef = CB9F12741D2E583600725EAB /* PlacemarkAnnotation.swift */; };
		CBA1E5461C74807500619CFC /* PlaceListViewController.swift in Sources */ = {isa = PBXBuildFile; fileRef = CBA1E5451C74807500619CFC /* PlaceListViewController.swift */; };
		CBB679DA1D35C44800F1BC32 /* UIColor+Extension.swift in Sources */ = {isa = PBXBuildFile; fileRef = CBB679D91D35C44800F1BC32 /* UIColor+Extension.swift */; };
		CBB679DC1D35C74800F1BC32 /* UIImage+Extension.swift in Sources */ = {isa = PBXBuildFile; fileRef = CBB679DB1D35C74800F1BC32 /* UIImage+Extension.swift */; };
		CBB679DF1D35D64300F1BC32 /* Preferences.storyboard in Resources */ = {isa = PBXBuildFile; fileRef = CBB679DD1D35D64300F1BC32 /* Preferences.storyboard */; };
		CBB679E21D35D80900F1BC32 /* PreferencesViewController.swift in Sources */ = {isa = PBXBuildFile; fileRef = CBB679E11D35D80900F1BC32 /* PreferencesViewController.swift */; };
		CBB679E51D35DB5300F1BC32 /* UserDefaults.swift in Sources */ = {isa = PBXBuildFile; fileRef = CBB679E41D35DB5300F1BC32 /* UserDefaults.swift */; };
		CBEB5F701C7324E400664664 /* DocumentDataSource.swift in Sources */ = {isa = PBXBuildFile; fileRef = CBEB5F6F1C7324E400664664 /* DocumentDataSource.swift */; };
		CBEB5F721C73251200664664 /* Document.swift in Sources */ = {isa = PBXBuildFile; fileRef = CBEB5F711C73251200664664 /* Document.swift */; };
		CBEB5F741C7332C600664664 /* libxml2.tbd in Frameworks */ = {isa = PBXBuildFile; fileRef = CBEB5F731C7332C600664664 /* libxml2.tbd */; };
		CBEB5F761C733AFA00664664 /* Folder.swift in Sources */ = {isa = PBXBuildFile; fileRef = CBEB5F751C733AFA00664664 /* Folder.swift */; };
		CBEB5F781C733B0600664664 /* Placemark.swift in Sources */ = {isa = PBXBuildFile; fileRef = CBEB5F771C733B0600664664 /* Placemark.swift */; };
		CBFCA5461D1CBBEF00A80C39 /* LocationService.swift in Sources */ = {isa = PBXBuildFile; fileRef = CBFCA5451D1CBBEF00A80C39 /* LocationService.swift */; };
		CBFD09281C7B2C7B00A2470B /* PlaceDetailViewController.swift in Sources */ = {isa = PBXBuildFile; fileRef = CBFD09271C7B2C7B00A2470B /* PlaceDetailViewController.swift */; };
/* End PBXBuildFile section */

/* Begin PBXContainerItemProxy section */
		CB28C04D1BC3DE6E0082F831 /* PBXContainerItemProxy */ = {
			isa = PBXContainerItemProxy;
			containerPortal = CB28C02F1BC3DE6E0082F831 /* Project object */;
			proxyType = 1;
			remoteGlobalIDString = CB28C0361BC3DE6E0082F831;
			remoteInfo = OmosanMaps;
		};
/* End PBXContainerItemProxy section */

/* Begin PBXFileReference section */
		2037503C28E63398D6565A5D /* Pods_OmosanMaps.framework */ = {isa = PBXFileReference; explicitFileType = wrapper.framework; includeInIndex = 0; path = Pods_OmosanMaps.framework; sourceTree = BUILT_PRODUCTS_DIR; };
		5C48CF2B9C55E5445B685AC0 /* Pods-OmosanMaps.debug.xcconfig */ = {isa = PBXFileReference; includeInIndex = 1; lastKnownFileType = text.xcconfig; name = "Pods-OmosanMaps.debug.xcconfig"; path = "Pods/Target Support Files/Pods-OmosanMaps/Pods-OmosanMaps.debug.xcconfig"; sourceTree = "<group>"; };
		CB1D56E41CFFFF720065B6B7 /* SearchOptionsController.swift */ = {isa = PBXFileReference; fileEncoding = 4; lastKnownFileType = sourcecode.swift; name = SearchOptionsController.swift; path = Sources/Map/SearchOptionsController.swift; sourceTree = "<group>"; };
		CB1D56E61D0002160065B6B7 /* SearchOptionsGenreListViewController.swift */ = {isa = PBXFileReference; fileEncoding = 4; lastKnownFileType = sourcecode.swift; name = SearchOptionsGenreListViewController.swift; path = Sources/Map/SearchOptionsGenreListViewController.swift; sourceTree = "<group>"; };
		CB28C0371BC3DE6E0082F831 /* OmosanMaps.app */ = {isa = PBXFileReference; explicitFileType = wrapper.application; includeInIndex = 0; path = OmosanMaps.app; sourceTree = BUILT_PRODUCTS_DIR; };
		CB28C03B1BC3DE6E0082F831 /* Info.plist */ = {isa = PBXFileReference; lastKnownFileType = text.plist.xml; path = Info.plist; sourceTree = "<group>"; };
		CB28C03C1BC3DE6E0082F831 /* AppDelegate.swift */ = {isa = PBXFileReference; lastKnownFileType = sourcecode.swift; path = AppDelegate.swift; sourceTree = "<group>"; };
		CB28C0411BC3DE6E0082F831 /* Base */ = {isa = PBXFileReference; lastKnownFileType = file.storyboard; name = Base; path = Base.lproj/Main.storyboard; sourceTree = "<group>"; };
		CB28C0431BC3DE6E0082F831 /* Images.xcassets */ = {isa = PBXFileReference; lastKnownFileType = folder.assetcatalog; path = Images.xcassets; sourceTree = "<group>"; };
		CB28C0461BC3DE6E0082F831 /* Base */ = {isa = PBXFileReference; lastKnownFileType = file.xib; name = Base; path = Base.lproj/LaunchScreen.xib; sourceTree = "<group>"; };
		CB28C04C1BC3DE6E0082F831 /* OmosanMapsTests.xctest */ = {isa = PBXFileReference; explicitFileType = wrapper.cfbundle; includeInIndex = 0; path = OmosanMapsTests.xctest; sourceTree = BUILT_PRODUCTS_DIR; };
		CB28C0511BC3DE6E0082F831 /* Info.plist */ = {isa = PBXFileReference; lastKnownFileType = text.plist.xml; path = Info.plist; sourceTree = "<group>"; };
		CB28C0521BC3DE6E0082F831 /* OmosanMapsTests.swift */ = {isa = PBXFileReference; lastKnownFileType = sourcecode.swift; path = OmosanMapsTests.swift; sourceTree = "<group>"; };
		CB5EEC9B1D2E4AF6002E7271 /* Style.swift */ = {isa = PBXFileReference; fileEncoding = 4; lastKnownFileType = sourcecode.swift; name = Style.swift; path = Sources/Model/Style.swift; sourceTree = "<group>"; };
		CB5EEC9E1D2E4D57002E7271 /* JiNode+Extension.swift */ = {isa = PBXFileReference; fileEncoding = 4; lastKnownFileType = sourcecode.swift; name = "JiNode+Extension.swift"; path = "Sources/Extensions/JiNode+Extension.swift"; sourceTree = "<group>"; };
		CB757B2C1CF7F7400073A17C /* MapViewController.swift */ = {isa = PBXFileReference; fileEncoding = 4; lastKnownFileType = sourcecode.swift; name = MapViewController.swift; path = Sources/Map/MapViewController.swift; sourceTree = "<group>"; };
		CB9F12741D2E583600725EAB /* PlacemarkAnnotation.swift */ = {isa = PBXFileReference; fileEncoding = 4; lastKnownFileType = sourcecode.swift; name = PlacemarkAnnotation.swift; path = Sources/Map/PlacemarkAnnotation.swift; sourceTree = "<group>"; };
		CBA1E5451C74807500619CFC /* PlaceListViewController.swift */ = {isa = PBXFileReference; fileEncoding = 4; lastKnownFileType = sourcecode.swift; name = PlaceListViewController.swift; path = Sources/Place/PlaceListViewController.swift; sourceTree = "<group>"; };
		CBB679D91D35C44800F1BC32 /* UIColor+Extension.swift */ = {isa = PBXFileReference; fileEncoding = 4; lastKnownFileType = sourcecode.swift; name = "UIColor+Extension.swift"; path = "Sources/Extensions/UIColor+Extension.swift"; sourceTree = "<group>"; };
		CBB679DB1D35C74800F1BC32 /* UIImage+Extension.swift */ = {isa = PBXFileReference; fileEncoding = 4; lastKnownFileType = sourcecode.swift; name = "UIImage+Extension.swift"; path = "Sources/Extensions/UIImage+Extension.swift"; sourceTree = "<group>"; };
		CBB679DE1D35D64300F1BC32 /* Base */ = {isa = PBXFileReference; lastKnownFileType = file.storyboard; name = Base; path = OmosanMaps/Base.lproj/Preferences.storyboard; sourceTree = "<group>"; };
		CBB679E11D35D80900F1BC32 /* PreferencesViewController.swift */ = {isa = PBXFileReference; fileEncoding = 4; lastKnownFileType = sourcecode.swift; name = PreferencesViewController.swift; path = Sources/Preferences/PreferencesViewController.swift; sourceTree = "<group>"; };
		CBB679E41D35DB5300F1BC32 /* UserDefaults.swift */ = {isa = PBXFileReference; fileEncoding = 4; lastKnownFileType = sourcecode.swift; name = UserDefaults.swift; path = Sources/Misc/UserDefaults.swift; sourceTree = "<group>"; };
		CBEB5F6A1C72E82C00664664 /* OmosanMaps-Bridging-Header.h */ = {isa = PBXFileReference; lastKnownFileType = sourcecode.c.h; path = "OmosanMaps-Bridging-Header.h"; sourceTree = "<group>"; };
		CBEB5F6F1C7324E400664664 /* DocumentDataSource.swift */ = {isa = PBXFileReference; fileEncoding = 4; lastKnownFileType = sourcecode.swift; name = DocumentDataSource.swift; path = Sources/Model/DocumentDataSource.swift; sourceTree = "<group>"; };
		CBEB5F711C73251200664664 /* Document.swift */ = {isa = PBXFileReference; fileEncoding = 4; lastKnownFileType = sourcecode.swift; name = Document.swift; path = Sources/Model/Document.swift; sourceTree = "<group>"; };
		CBEB5F731C7332C600664664 /* libxml2.tbd */ = {isa = PBXFileReference; lastKnownFileType = "sourcecode.text-based-dylib-definition"; name = libxml2.tbd; path = usr/lib/libxml2.tbd; sourceTree = SDKROOT; };
		CBEB5F751C733AFA00664664 /* Folder.swift */ = {isa = PBXFileReference; fileEncoding = 4; lastKnownFileType = sourcecode.swift; name = Folder.swift; path = Sources/Model/Folder.swift; sourceTree = "<group>"; };
		CBEB5F771C733B0600664664 /* Placemark.swift */ = {isa = PBXFileReference; fileEncoding = 4; lastKnownFileType = sourcecode.swift; name = Placemark.swift; path = Sources/Model/Placemark.swift; sourceTree = "<group>"; };
		CBFCA5451D1CBBEF00A80C39 /* LocationService.swift */ = {isa = PBXFileReference; fileEncoding = 4; lastKnownFileType = sourcecode.swift; name = LocationService.swift; path = Sources/Services/LocationService.swift; sourceTree = "<group>"; };
		CBFD09271C7B2C7B00A2470B /* PlaceDetailViewController.swift */ = {isa = PBXFileReference; fileEncoding = 4; lastKnownFileType = sourcecode.swift; name = PlaceDetailViewController.swift; path = Sources/Place/PlaceDetailViewController.swift; sourceTree = "<group>"; };
		D628FE9A311AE4DA116053B4 /* Pods-OmosanMaps.release.xcconfig */ = {isa = PBXFileReference; includeInIndex = 1; lastKnownFileType = text.xcconfig; name = "Pods-OmosanMaps.release.xcconfig"; path = "Pods/Target Support Files/Pods-OmosanMaps/Pods-OmosanMaps.release.xcconfig"; sourceTree = "<group>"; };
/* End PBXFileReference section */

/* Begin PBXFrameworksBuildPhase section */
		CB28C0341BC3DE6E0082F831 /* Frameworks */ = {
			isa = PBXFrameworksBuildPhase;
			buildActionMask = 2147483647;
			files = (
				CBEB5F741C7332C600664664 /* libxml2.tbd in Frameworks */,
				86A2B90E5DD0EF6D7E490ED0 /* Pods_OmosanMaps.framework in Frameworks */,
			);
			runOnlyForDeploymentPostprocessing = 0;
		};
		CB28C0491BC3DE6E0082F831 /* Frameworks */ = {
			isa = PBXFrameworksBuildPhase;
			buildActionMask = 2147483647;
			files = (
			);
			runOnlyForDeploymentPostprocessing = 0;
		};
/* End PBXFrameworksBuildPhase section */

/* Begin PBXGroup section */
		63C3B45B8BD68AD5AD8A0AB1 /* Pods */ = {
			isa = PBXGroup;
			children = (
				5C48CF2B9C55E5445B685AC0 /* Pods-OmosanMaps.debug.xcconfig */,
				D628FE9A311AE4DA116053B4 /* Pods-OmosanMaps.release.xcconfig */,
			);
			name = Pods;
			sourceTree = "<group>";
		};
		CB28C02E1BC3DE6E0082F831 = {
			isa = PBXGroup;
			children = (
				CB28C0391BC3DE6E0082F831 /* OmosanMaps */,
				CB28C04F1BC3DE6E0082F831 /* OmosanMapsTests */,
				CB28C0381BC3DE6E0082F831 /* Products */,
				63C3B45B8BD68AD5AD8A0AB1 /* Pods */,
				D0974A6E77E5E1B0F449FCA8 /* Frameworks */,
			);
			sourceTree = "<group>";
		};
		CB28C0381BC3DE6E0082F831 /* Products */ = {
			isa = PBXGroup;
			children = (
				CB28C0371BC3DE6E0082F831 /* OmosanMaps.app */,
				CB28C04C1BC3DE6E0082F831 /* OmosanMapsTests.xctest */,
			);
			name = Products;
			sourceTree = "<group>";
		};
		CB28C0391BC3DE6E0082F831 /* OmosanMaps */ = {
			isa = PBXGroup;
			children = (
				CBA1E5441C74805500619CFC /* Place */,
				CBB679E01D35D7A500F1BC32 /* Preferences */,
				CBEB5F6E1C73248500664664 /* Model */,
				CBFCA5441D1CBBCC00A80C39 /* Services */,
				CBB679E31D35DB3800F1BC32 /* Misc */,
				CB5EEC9D1D2E4D33002E7271 /* Extensions */,
				CB28C03C1BC3DE6E0082F831 /* AppDelegate.swift */,
				CB28C0401BC3DE6E0082F831 /* Main.storyboard */,
				CBB679DD1D35D64300F1BC32 /* Preferences.storyboard */,
				CB28C0431BC3DE6E0082F831 /* Images.xcassets */,
				CB28C0451BC3DE6E0082F831 /* LaunchScreen.xib */,
				CB28C03A1BC3DE6E0082F831 /* Supporting Files */,
			);
			path = OmosanMaps;
			sourceTree = "<group>";
		};
		CB28C03A1BC3DE6E0082F831 /* Supporting Files */ = {
			isa = PBXGroup;
			children = (
				CBEB5F6A1C72E82C00664664 /* OmosanMaps-Bridging-Header.h */,
				CB28C03B1BC3DE6E0082F831 /* Info.plist */,
			);
			name = "Supporting Files";
			sourceTree = "<group>";
		};
		CB28C04F1BC3DE6E0082F831 /* OmosanMapsTests */ = {
			isa = PBXGroup;
			children = (
				CB28C0521BC3DE6E0082F831 /* OmosanMapsTests.swift */,
				CB28C0501BC3DE6E0082F831 /* Supporting Files */,
			);
			path = OmosanMapsTests;
			sourceTree = "<group>";
		};
		CB28C0501BC3DE6E0082F831 /* Supporting Files */ = {
			isa = PBXGroup;
			children = (
				CB28C0511BC3DE6E0082F831 /* Info.plist */,
			);
			name = "Supporting Files";
			sourceTree = "<group>";
		};
		CB5EEC9D1D2E4D33002E7271 /* Extensions */ = {
			isa = PBXGroup;
			children = (
				CB5EEC9E1D2E4D57002E7271 /* JiNode+Extension.swift */,
				CBB679D91D35C44800F1BC32 /* UIColor+Extension.swift */,
				CBB679DB1D35C74800F1BC32 /* UIImage+Extension.swift */,
			);
			name = Extensions;
			sourceTree = "<group>";
		};
		CBA1E5441C74805500619CFC /* Place */ = {
			isa = PBXGroup;
			children = (
				CBA1E5451C74807500619CFC /* PlaceListViewController.swift */,
				CBFD09271C7B2C7B00A2470B /* PlaceDetailViewController.swift */,
				CB757B2C1CF7F7400073A17C /* MapViewController.swift */,
				CB1D56E41CFFFF720065B6B7 /* SearchOptionsController.swift */,
				CB1D56E61D0002160065B6B7 /* SearchOptionsGenreListViewController.swift */,
				CB9F12741D2E583600725EAB /* PlacemarkAnnotation.swift */,
			);
			name = Place;
			sourceTree = "<group>";
		};
		CBB679E01D35D7A500F1BC32 /* Preferences */ = {
			isa = PBXGroup;
			children = (
				CBB679E11D35D80900F1BC32 /* PreferencesViewController.swift */,
			);
			name = Preferences;
			sourceTree = "<group>";
		};
		CBB679E31D35DB3800F1BC32 /* Misc */ = {
			isa = PBXGroup;
			children = (
				CBB679E41D35DB5300F1BC32 /* UserDefaults.swift */,
			);
			name = Misc;
			sourceTree = "<group>";
		};
		CBEB5F6E1C73248500664664 /* Model */ = {
			isa = PBXGroup;
			children = (
				CBEB5F6F1C7324E400664664 /* DocumentDataSource.swift */,
				CBEB5F711C73251200664664 /* Document.swift */,
				CBEB5F751C733AFA00664664 /* Folder.swift */,
				CBEB5F771C733B0600664664 /* Placemark.swift */,
				CB5EEC9B1D2E4AF6002E7271 /* Style.swift */,
			);
			name = Model;
			sourceTree = "<group>";
		};
		CBFCA5441D1CBBCC00A80C39 /* Services */ = {
			isa = PBXGroup;
			children = (
				CBFCA5451D1CBBEF00A80C39 /* LocationService.swift */,
			);
			name = Services;
			sourceTree = "<group>";
		};
		D0974A6E77E5E1B0F449FCA8 /* Frameworks */ = {
			isa = PBXGroup;
			children = (
				CBEB5F731C7332C600664664 /* libxml2.tbd */,
				2037503C28E63398D6565A5D /* Pods_OmosanMaps.framework */,
			);
			name = Frameworks;
			sourceTree = "<group>";
		};
/* End PBXGroup section */

/* Begin PBXNativeTarget section */
		CB28C0361BC3DE6E0082F831 /* OmosanMaps */ = {
			isa = PBXNativeTarget;
			buildConfigurationList = CB28C0561BC3DE6E0082F831 /* Build configuration list for PBXNativeTarget "OmosanMaps" */;
			buildPhases = (
				50D23FCBAC18193F2B344BC9 /* Check Pods Manifest.lock */,
				CB28C0331BC3DE6E0082F831 /* Sources */,
				CB28C0341BC3DE6E0082F831 /* Frameworks */,
				CB28C0351BC3DE6E0082F831 /* Resources */,
				35A274B78DEC8978D12FE240 /* Embed Pods Frameworks */,
				94D6EE4F2F019AC4B744925F /* Copy Pods Resources */,
			);
			buildRules = (
			);
			dependencies = (
			);
			name = OmosanMaps;
			productName = OmosanMaps;
			productReference = CB28C0371BC3DE6E0082F831 /* OmosanMaps.app */;
			productType = "com.apple.product-type.application";
		};
		CB28C04B1BC3DE6E0082F831 /* OmosanMapsTests */ = {
			isa = PBXNativeTarget;
			buildConfigurationList = CB28C0591BC3DE6E0082F831 /* Build configuration list for PBXNativeTarget "OmosanMapsTests" */;
			buildPhases = (
				CB28C0481BC3DE6E0082F831 /* Sources */,
				CB28C0491BC3DE6E0082F831 /* Frameworks */,
				CB28C04A1BC3DE6E0082F831 /* Resources */,
			);
			buildRules = (
			);
			dependencies = (
				CB28C04E1BC3DE6E0082F831 /* PBXTargetDependency */,
			);
			name = OmosanMapsTests;
			productName = OmosanMapsTests;
			productReference = CB28C04C1BC3DE6E0082F831 /* OmosanMapsTests.xctest */;
			productType = "com.apple.product-type.bundle.unit-test";
		};
/* End PBXNativeTarget section */

/* Begin PBXProject section */
		CB28C02F1BC3DE6E0082F831 /* Project object */ = {
			isa = PBXProject;
			attributes = {
				LastSwiftUpdateCheck = 0710;
				LastUpgradeCheck = 0640;
				ORGANIZATIONNAME = "*";
				TargetAttributes = {
					CB28C0361BC3DE6E0082F831 = {
						CreatedOnToolsVersion = 6.4;
					};
					CB28C04B1BC3DE6E0082F831 = {
						CreatedOnToolsVersion = 6.4;
						TestTargetID = CB28C0361BC3DE6E0082F831;
					};
				};
			};
			buildConfigurationList = CB28C0321BC3DE6E0082F831 /* Build configuration list for PBXProject "OmosanMaps" */;
			compatibilityVersion = "Xcode 3.2";
			developmentRegion = English;
			hasScannedForEncodings = 0;
			knownRegions = (
				en,
				Base,
			);
			mainGroup = CB28C02E1BC3DE6E0082F831;
			productRefGroup = CB28C0381BC3DE6E0082F831 /* Products */;
			projectDirPath = "";
			projectRoot = "";
			targets = (
				CB28C0361BC3DE6E0082F831 /* OmosanMaps */,
				CB28C04B1BC3DE6E0082F831 /* OmosanMapsTests */,
			);
		};
/* End PBXProject section */

/* Begin PBXResourcesBuildPhase section */
		CB28C0351BC3DE6E0082F831 /* Resources */ = {
			isa = PBXResourcesBuildPhase;
			buildActionMask = 2147483647;
			files = (
				CB28C0421BC3DE6E0082F831 /* Main.storyboard in Resources */,
				CB28C0471BC3DE6E0082F831 /* LaunchScreen.xib in Resources */,
				CB28C0441BC3DE6E0082F831 /* Images.xcassets in Resources */,
				CBB679DF1D35D64300F1BC32 /* Preferences.storyboard in Resources */,
			);
			runOnlyForDeploymentPostprocessing = 0;
		};
		CB28C04A1BC3DE6E0082F831 /* Resources */ = {
			isa = PBXResourcesBuildPhase;
			buildActionMask = 2147483647;
			files = (
			);
			runOnlyForDeploymentPostprocessing = 0;
		};
/* End PBXResourcesBuildPhase section */

/* Begin PBXShellScriptBuildPhase section */
		35A274B78DEC8978D12FE240 /* Embed Pods Frameworks */ = {
			isa = PBXShellScriptBuildPhase;
			buildActionMask = 2147483647;
			files = (
			);
			inputPaths = (
			);
			name = "Embed Pods Frameworks";
			outputPaths = (
			);
			runOnlyForDeploymentPostprocessing = 0;
			shellPath = /bin/sh;
			shellScript = "\"${SRCROOT}/Pods/Target Support Files/Pods-OmosanMaps/Pods-OmosanMaps-frameworks.sh\"\n";
			showEnvVarsInLog = 0;
		};
		50D23FCBAC18193F2B344BC9 /* Check Pods Manifest.lock */ = {
			isa = PBXShellScriptBuildPhase;
			buildActionMask = 2147483647;
			files = (
			);
			inputPaths = (
			);
			name = "Check Pods Manifest.lock";
			outputPaths = (
			);
			runOnlyForDeploymentPostprocessing = 0;
			shellPath = /bin/sh;
			shellScript = "diff \"${PODS_ROOT}/../Podfile.lock\" \"${PODS_ROOT}/Manifest.lock\" > /dev/null\nif [[ $? != 0 ]] ; then\n    cat << EOM\nerror: The sandbox is not in sync with the Podfile.lock. Run 'pod install' or update your CocoaPods installation.\nEOM\n    exit 1\nfi\n";
			showEnvVarsInLog = 0;
		};
		94D6EE4F2F019AC4B744925F /* Copy Pods Resources */ = {
			isa = PBXShellScriptBuildPhase;
			buildActionMask = 2147483647;
			files = (
			);
			inputPaths = (
			);
			name = "Copy Pods Resources";
			outputPaths = (
			);
			runOnlyForDeploymentPostprocessing = 0;
			shellPath = /bin/sh;
			shellScript = "\"${SRCROOT}/Pods/Target Support Files/Pods-OmosanMaps/Pods-OmosanMaps-resources.sh\"\n";
			showEnvVarsInLog = 0;
		};
/* End PBXShellScriptBuildPhase section */

/* Begin PBXSourcesBuildPhase section */
		CB28C0331BC3DE6E0082F831 /* Sources */ = {
			isa = PBXSourcesBuildPhase;
			buildActionMask = 2147483647;
			files = (
				CB5EEC9F1D2E4D57002E7271 /* JiNode+Extension.swift in Sources */,
				CB9F12751D2E583600725EAB /* PlacemarkAnnotation.swift in Sources */,
				CBB679E21D35D80900F1BC32 /* PreferencesViewController.swift in Sources */,
				CBEB5F721C73251200664664 /* Document.swift in Sources */,
				CBEB5F761C733AFA00664664 /* Folder.swift in Sources */,
				CBFD09281C7B2C7B00A2470B /* PlaceDetailViewController.swift in Sources */,
				CBA1E5461C74807500619CFC /* PlaceListViewController.swift in Sources */,
				CB28C03D1BC3DE6E0082F831 /* AppDelegate.swift in Sources */,
				CB1D56E71D0002160065B6B7 /* SearchOptionsGenreListViewController.swift in Sources */,
				CBFCA5461D1CBBEF00A80C39 /* LocationService.swift in Sources */,
				CBB679DA1D35C44800F1BC32 /* UIColor+Extension.swift in Sources */,
				CB5EEC9C1D2E4AF6002E7271 /* Style.swift in Sources */,
				CBB679DC1D35C74800F1BC32 /* UIImage+Extension.swift in Sources */,
				CBEB5F781C733B0600664664 /* Placemark.swift in Sources */,
				CBB679E51D35DB5300F1BC32 /* UserDefaults.swift in Sources */,
				CB1D56E51CFFFF720065B6B7 /* SearchOptionsController.swift in Sources */,
				CBEB5F701C7324E400664664 /* DocumentDataSource.swift in Sources */,
				CB757B2D1CF7F7400073A17C /* MapViewController.swift in Sources */,
			);
			runOnlyForDeploymentPostprocessing = 0;
		};
		CB28C0481BC3DE6E0082F831 /* Sources */ = {
			isa = PBXSourcesBuildPhase;
			buildActionMask = 2147483647;
			files = (
				CB28C0531BC3DE6E0082F831 /* OmosanMapsTests.swift in Sources */,
			);
			runOnlyForDeploymentPostprocessing = 0;
		};
/* End PBXSourcesBuildPhase section */

/* Begin PBXTargetDependency section */
		CB28C04E1BC3DE6E0082F831 /* PBXTargetDependency */ = {
			isa = PBXTargetDependency;
			target = CB28C0361BC3DE6E0082F831 /* OmosanMaps */;
			targetProxy = CB28C04D1BC3DE6E0082F831 /* PBXContainerItemProxy */;
		};
/* End PBXTargetDependency section */

/* Begin PBXVariantGroup section */
		CB28C0401BC3DE6E0082F831 /* Main.storyboard */ = {
			isa = PBXVariantGroup;
			children = (
				CB28C0411BC3DE6E0082F831 /* Base */,
			);
			name = Main.storyboard;
			sourceTree = "<group>";
		};
		CB28C0451BC3DE6E0082F831 /* LaunchScreen.xib */ = {
			isa = PBXVariantGroup;
			children = (
				CB28C0461BC3DE6E0082F831 /* Base */,
			);
			name = LaunchScreen.xib;
			sourceTree = "<group>";
		};
		CBB679DD1D35D64300F1BC32 /* Preferences.storyboard */ = {
			isa = PBXVariantGroup;
			children = (
				CBB679DE1D35D64300F1BC32 /* Base */,
			);
			name = Preferences.storyboard;
			path = ..;
			sourceTree = "<group>";
		};
/* End PBXVariantGroup section */

/* Begin XCBuildConfiguration section */
		CB28C0541BC3DE6E0082F831 /* Debug */ = {
			isa = XCBuildConfiguration;
			buildSettings = {
				ALWAYS_SEARCH_USER_PATHS = NO;
				CLANG_CXX_LANGUAGE_STANDARD = "gnu++0x";
				CLANG_CXX_LIBRARY = "libc++";
				CLANG_ENABLE_MODULES = YES;
				CLANG_ENABLE_OBJC_ARC = YES;
				CLANG_WARN_BOOL_CONVERSION = YES;
				CLANG_WARN_CONSTANT_CONVERSION = YES;
				CLANG_WARN_DIRECT_OBJC_ISA_USAGE = YES_ERROR;
				CLANG_WARN_EMPTY_BODY = YES;
				CLANG_WARN_ENUM_CONVERSION = YES;
				CLANG_WARN_INT_CONVERSION = YES;
				CLANG_WARN_OBJC_ROOT_CLASS = YES_ERROR;
				CLANG_WARN_UNREACHABLE_CODE = YES;
				CLANG_WARN__DUPLICATE_METHOD_MATCH = YES;
				"CODE_SIGN_IDENTITY[sdk=iphoneos*]" = "iPhone Developer";
				COPY_PHASE_STRIP = NO;
				DEBUG_INFORMATION_FORMAT = "dwarf-with-dsym";
				ENABLE_STRICT_OBJC_MSGSEND = YES;
				GCC_C_LANGUAGE_STANDARD = gnu99;
				GCC_DYNAMIC_NO_PIC = NO;
				GCC_NO_COMMON_BLOCKS = YES;
				GCC_OPTIMIZATION_LEVEL = 0;
				GCC_PREPROCESSOR_DEFINITIONS = (
					"DEBUG=1",
					"$(inherited)",
				);
				GCC_SYMBOLS_PRIVATE_EXTERN = NO;
				GCC_WARN_64_TO_32_BIT_CONVERSION = YES;
				GCC_WARN_ABOUT_RETURN_TYPE = YES_ERROR;
				GCC_WARN_UNDECLARED_SELECTOR = YES;
				GCC_WARN_UNINITIALIZED_AUTOS = YES_AGGRESSIVE;
				GCC_WARN_UNUSED_FUNCTION = YES;
				GCC_WARN_UNUSED_VARIABLE = YES;
				IPHONEOS_DEPLOYMENT_TARGET = 8.4;
				MTL_ENABLE_DEBUG_INFO = YES;
				ONLY_ACTIVE_ARCH = YES;
				SDKROOT = iphoneos;
				SWIFT_OPTIMIZATION_LEVEL = "-Onone";
			};
			name = Debug;
		};
		CB28C0551BC3DE6E0082F831 /* Release */ = {
			isa = XCBuildConfiguration;
			buildSettings = {
				ALWAYS_SEARCH_USER_PATHS = NO;
				CLANG_CXX_LANGUAGE_STANDARD = "gnu++0x";
				CLANG_CXX_LIBRARY = "libc++";
				CLANG_ENABLE_MODULES = YES;
				CLANG_ENABLE_OBJC_ARC = YES;
				CLANG_WARN_BOOL_CONVERSION = YES;
				CLANG_WARN_CONSTANT_CONVERSION = YES;
				CLANG_WARN_DIRECT_OBJC_ISA_USAGE = YES_ERROR;
				CLANG_WARN_EMPTY_BODY = YES;
				CLANG_WARN_ENUM_CONVERSION = YES;
				CLANG_WARN_INT_CONVERSION = YES;
				CLANG_WARN_OBJC_ROOT_CLASS = YES_ERROR;
				CLANG_WARN_UNREACHABLE_CODE = YES;
				CLANG_WARN__DUPLICATE_METHOD_MATCH = YES;
				"CODE_SIGN_IDENTITY[sdk=iphoneos*]" = "iPhone Developer";
				COPY_PHASE_STRIP = NO;
				DEBUG_INFORMATION_FORMAT = "dwarf-with-dsym";
				ENABLE_NS_ASSERTIONS = NO;
				ENABLE_STRICT_OBJC_MSGSEND = YES;
				GCC_C_LANGUAGE_STANDARD = gnu99;
				GCC_NO_COMMON_BLOCKS = YES;
				GCC_WARN_64_TO_32_BIT_CONVERSION = YES;
				GCC_WARN_ABOUT_RETURN_TYPE = YES_ERROR;
				GCC_WARN_UNDECLARED_SELECTOR = YES;
				GCC_WARN_UNINITIALIZED_AUTOS = YES_AGGRESSIVE;
				GCC_WARN_UNUSED_FUNCTION = YES;
				GCC_WARN_UNUSED_VARIABLE = YES;
				IPHONEOS_DEPLOYMENT_TARGET = 8.4;
				MTL_ENABLE_DEBUG_INFO = NO;
				SDKROOT = iphoneos;
				VALIDATE_PRODUCT = YES;
			};
			name = Release;
		};
		CB28C0571BC3DE6E0082F831 /* Debug */ = {
			isa = XCBuildConfiguration;
			baseConfigurationReference = 5C48CF2B9C55E5445B685AC0 /* Pods-OmosanMaps.debug.xcconfig */;
			buildSettings = {
				ASSETCATALOG_COMPILER_APPICON_NAME = AppIcon;
				CLANG_ENABLE_MODULES = YES;
				INFOPLIST_FILE = OmosanMaps/Info.plist;
				LD_RUNPATH_SEARCH_PATHS = "$(inherited) @executable_path/Frameworks";
				PRODUCT_NAME = "$(TARGET_NAME)";
				SWIFT_OBJC_BRIDGING_HEADER = "OmosanMaps/OmosanMaps-Bridging-Header.h";
				SWIFT_OPTIMIZATION_LEVEL = "-Onone";
			};
			name = Debug;
		};
		CB28C0581BC3DE6E0082F831 /* Release */ = {
			isa = XCBuildConfiguration;
			baseConfigurationReference = D628FE9A311AE4DA116053B4 /* Pods-OmosanMaps.release.xcconfig */;
			buildSettings = {
				ASSETCATALOG_COMPILER_APPICON_NAME = AppIcon;
				CLANG_ENABLE_MODULES = YES;
				INFOPLIST_FILE = OmosanMaps/Info.plist;
				LD_RUNPATH_SEARCH_PATHS = "$(inherited) @executable_path/Frameworks";
				PRODUCT_NAME = "$(TARGET_NAME)";
				SWIFT_OBJC_BRIDGING_HEADER = "OmosanMaps/OmosanMaps-Bridging-Header.h";
			};
			name = Release;
		};
		CB28C05A1BC3DE6E0082F831 /* Debug */ = {
			isa = XCBuildConfiguration;
			buildSettings = {
				BUNDLE_LOADER = "$(TEST_HOST)";
				FRAMEWORK_SEARCH_PATHS = (
					"$(SDKROOT)/Developer/Library/Frameworks",
					"$(inherited)",
				);
				GCC_PREPROCESSOR_DEFINITIONS = (
					"DEBUG=1",
					"$(inherited)",
				);
				INFOPLIST_FILE = OmosanMapsTests/Info.plist;
				LD_RUNPATH_SEARCH_PATHS = "$(inherited) @executable_path/Frameworks @loader_path/Frameworks";
				PRODUCT_NAME = "$(TARGET_NAME)";
				TEST_HOST = "$(BUILT_PRODUCTS_DIR)/OmosanMaps.app/OmosanMaps";
			};
			name = Debug;
		};
		CB28C05B1BC3DE6E0082F831 /* Release */ = {
			isa = XCBuildConfiguration;
			buildSettings = {
				BUNDLE_LOADER = "$(TEST_HOST)";
				FRAMEWORK_SEARCH_PATHS = (
					"$(SDKROOT)/Developer/Library/Frameworks",
					"$(inherited)",
				);
				INFOPLIST_FILE = OmosanMapsTests/Info.plist;
				LD_RUNPATH_SEARCH_PATHS = "$(inherited) @executable_path/Frameworks @loader_path/Frameworks";
				PRODUCT_NAME = "$(TARGET_NAME)";
				TEST_HOST = "$(BUILT_PRODUCTS_DIR)/OmosanMaps.app/OmosanMaps";
			};
			name = Release;
		};
/* End XCBuildConfiguration section */

/* Begin XCConfigurationList section */
		CB28C0321BC3DE6E0082F831 /* Build configuration list for PBXProject "OmosanMaps" */ = {
			isa = XCConfigurationList;
			buildConfigurations = (
				CB28C0541BC3DE6E0082F831 /* Debug */,
				CB28C0551BC3DE6E0082F831 /* Release */,
			);
			defaultConfigurationIsVisible = 0;
			defaultConfigurationName = Release;
		};
		CB28C0561BC3DE6E0082F831 /* Build configuration list for PBXNativeTarget "OmosanMaps" */ = {
			isa = XCConfigurationList;
			buildConfigurations = (
				CB28C0571BC3DE6E0082F831 /* Debug */,
				CB28C0581BC3DE6E0082F831 /* Release */,
			);
			defaultConfigurationIsVisible = 0;
			defaultConfigurationName = Release;
		};
		CB28C0591BC3DE6E0082F831 /* Build configuration list for PBXNativeTarget "OmosanMapsTests" */ = {
			isa = XCConfigurationList;
			buildConfigurations = (
				CB28C05A1BC3DE6E0082F831 /* Debug */,
				CB28C05B1BC3DE6E0082F831 /* Release */,
			);
			defaultConfigurationIsVisible = 0;
			defaultConfigurationName = Release;
		};
/* End XCConfigurationList section */
	};
	rootObject = CB28C02F1BC3DE6E0082F831 /* Project object */;
}
